// !$*UTF8*$!
{
	archiveVersion = 1;
	classes = {
	};
	objectVersion = 46;
	objects = {

/* Begin PBXBuildFile section */
		1FFAA40D17D66C6C7A4C5882 /* Pods_asap.framework in Frameworks */ = {isa = PBXBuildFile; fileRef = AE2EE1D7662B43BAB2309382 /* Pods_asap.framework */; };
		430CD68F1CD4B6420038136D /* UserStore.swift in Sources */ = {isa = PBXBuildFile; fileRef = 430CD68E1CD4B6420038136D /* UserStore.swift */; };
		431C3F151CD5862100C95831 /* ProductGateway.swift in Sources */ = {isa = PBXBuildFile; fileRef = 431C3F141CD5862100C95831 /* ProductGateway.swift */; };
		431C3F171CD5863A00C95831 /* ProductStore.swift in Sources */ = {isa = PBXBuildFile; fileRef = 431C3F161CD5863A00C95831 /* ProductStore.swift */; };
		431C3F191CD587BA00C95831 /* LocalProductGateway.swift in Sources */ = {isa = PBXBuildFile; fileRef = 431C3F181CD587BA00C95831 /* LocalProductGateway.swift */; };
		431C3F1B1CD5888100C95831 /* products.json in Resources */ = {isa = PBXBuildFile; fileRef = 431C3F1A1CD5888100C95831 /* products.json */; };
		431C3F1D1CD58B7D00C95831 /* CartGateway.swift in Sources */ = {isa = PBXBuildFile; fileRef = 431C3F1C1CD58B7D00C95831 /* CartGateway.swift */; };
		431C3F1F1CD58BA300C95831 /* LocalCartGateway.swift in Sources */ = {isa = PBXBuildFile; fileRef = 431C3F1E1CD58BA300C95831 /* LocalCartGateway.swift */; };
		431C3F211CD58BD500C95831 /* CartStore.swift in Sources */ = {isa = PBXBuildFile; fileRef = 431C3F201CD58BD500C95831 /* CartStore.swift */; };
		431C3F241CD58F8A00C95831 /* Checkout.storyboard in Resources */ = {isa = PBXBuildFile; fileRef = 431C3F231CD58F8A00C95831 /* Checkout.storyboard */; };
		431C3F261CD58FA700C95831 /* CheckoutViewController.swift in Sources */ = {isa = PBXBuildFile; fileRef = 431C3F251CD58FA700C95831 /* CheckoutViewController.swift */; };
		4335FE801CD4B7FF0077E5D8 /* EcommerceViewController.swift in Sources */ = {isa = PBXBuildFile; fileRef = 4335FE7F1CD4B7FF0077E5D8 /* EcommerceViewController.swift */; };
		4335FE821CD4B80C0077E5D8 /* Ecommerce.storyboard in Resources */ = {isa = PBXBuildFile; fileRef = 4335FE811CD4B80C0077E5D8 /* Ecommerce.storyboard */; };
		4335FE841CD4F6060077E5D8 /* ProductCollectionViewCell.swift in Sources */ = {isa = PBXBuildFile; fileRef = 4335FE831CD4F6060077E5D8 /* ProductCollectionViewCell.swift */; };
		4335FE861CD4F8A40077E5D8 /* TwoColumnFlowLayout.swift in Sources */ = {isa = PBXBuildFile; fileRef = 4335FE851CD4F8A40077E5D8 /* TwoColumnFlowLayout.swift */; };
		4335FE891CD514770077E5D8 /* Product.swift in Sources */ = {isa = PBXBuildFile; fileRef = 4335FE881CD514770077E5D8 /* Product.swift */; };
		43F659551CD4A49A00618C0D /* AppDelegate.swift in Sources */ = {isa = PBXBuildFile; fileRef = 43F659541CD4A49A00618C0D /* AppDelegate.swift */; };
		43F659571CD4A49A00618C0D /* ViewController.swift in Sources */ = {isa = PBXBuildFile; fileRef = 43F659561CD4A49A00618C0D /* ViewController.swift */; };
		43F6595A1CD4A49A00618C0D /* Main.storyboard in Resources */ = {isa = PBXBuildFile; fileRef = 43F659581CD4A49A00618C0D /* Main.storyboard */; };
		43F6595C1CD4A49A00618C0D /* Assets.xcassets in Resources */ = {isa = PBXBuildFile; fileRef = 43F6595B1CD4A49A00618C0D /* Assets.xcassets */; };
		43F6595F1CD4A49A00618C0D /* LaunchScreen.storyboard in Resources */ = {isa = PBXBuildFile; fileRef = 43F6595D1CD4A49A00618C0D /* LaunchScreen.storyboard */; };
		43F659671CD4A5C600618C0D /* Register.storyboard in Resources */ = {isa = PBXBuildFile; fileRef = 43F659661CD4A5C600618C0D /* Register.storyboard */; };
		43F659691CD4A5D600618C0D /* RegisterViewController.swift in Sources */ = {isa = PBXBuildFile; fileRef = 43F659681CD4A5D600618C0D /* RegisterViewController.swift */; };
/* End PBXBuildFile section */

/* Begin PBXFileReference section */
		3F2C6058070E434467A5A8D9 /* Pods-asap.release.xcconfig */ = {isa = PBXFileReference; includeInIndex = 1; lastKnownFileType = text.xcconfig; name = "Pods-asap.release.xcconfig"; path = "Pods/Target Support Files/Pods-asap/Pods-asap.release.xcconfig"; sourceTree = "<group>"; };
		430CD68E1CD4B6420038136D /* UserStore.swift */ = {isa = PBXFileReference; fileEncoding = 4; lastKnownFileType = sourcecode.swift; path = UserStore.swift; sourceTree = "<group>"; };
		431C3F141CD5862100C95831 /* ProductGateway.swift */ = {isa = PBXFileReference; fileEncoding = 4; lastKnownFileType = sourcecode.swift; path = ProductGateway.swift; sourceTree = "<group>"; };
		431C3F161CD5863A00C95831 /* ProductStore.swift */ = {isa = PBXFileReference; fileEncoding = 4; lastKnownFileType = sourcecode.swift; path = ProductStore.swift; sourceTree = "<group>"; };
		431C3F181CD587BA00C95831 /* LocalProductGateway.swift */ = {isa = PBXFileReference; fileEncoding = 4; lastKnownFileType = sourcecode.swift; path = LocalProductGateway.swift; sourceTree = "<group>"; };
		431C3F1A1CD5888100C95831 /* products.json */ = {isa = PBXFileReference; fileEncoding = 4; lastKnownFileType = text.json; path = products.json; sourceTree = "<group>"; };
		431C3F1C1CD58B7D00C95831 /* CartGateway.swift */ = {isa = PBXFileReference; fileEncoding = 4; lastKnownFileType = sourcecode.swift; path = CartGateway.swift; sourceTree = "<group>"; };
		431C3F1E1CD58BA300C95831 /* LocalCartGateway.swift */ = {isa = PBXFileReference; fileEncoding = 4; lastKnownFileType = sourcecode.swift; path = LocalCartGateway.swift; sourceTree = "<group>"; };
		431C3F201CD58BD500C95831 /* CartStore.swift */ = {isa = PBXFileReference; fileEncoding = 4; lastKnownFileType = sourcecode.swift; path = CartStore.swift; sourceTree = "<group>"; };
		431C3F231CD58F8A00C95831 /* Checkout.storyboard */ = {isa = PBXFileReference; fileEncoding = 4; lastKnownFileType = file.storyboard; path = Checkout.storyboard; sourceTree = "<group>"; };
		431C3F251CD58FA700C95831 /* CheckoutViewController.swift */ = {isa = PBXFileReference; fileEncoding = 4; lastKnownFileType = sourcecode.swift; path = CheckoutViewController.swift; sourceTree = "<group>"; };
		4335FE7F1CD4B7FF0077E5D8 /* EcommerceViewController.swift */ = {isa = PBXFileReference; fileEncoding = 4; lastKnownFileType = sourcecode.swift; path = EcommerceViewController.swift; sourceTree = "<group>"; };
		4335FE811CD4B80C0077E5D8 /* Ecommerce.storyboard */ = {isa = PBXFileReference; fileEncoding = 4; lastKnownFileType = file.storyboard; path = Ecommerce.storyboard; sourceTree = "<group>"; };
		4335FE831CD4F6060077E5D8 /* ProductCollectionViewCell.swift */ = {isa = PBXFileReference; fileEncoding = 4; lastKnownFileType = sourcecode.swift; path = ProductCollectionViewCell.swift; sourceTree = "<group>"; };
		4335FE851CD4F8A40077E5D8 /* TwoColumnFlowLayout.swift */ = {isa = PBXFileReference; fileEncoding = 4; lastKnownFileType = sourcecode.swift; path = TwoColumnFlowLayout.swift; sourceTree = "<group>"; };
		4335FE881CD514770077E5D8 /* Product.swift */ = {isa = PBXFileReference; fileEncoding = 4; lastKnownFileType = sourcecode.swift; path = Product.swift; sourceTree = "<group>"; };
		43F659511CD4A49A00618C0D /* asap.app */ = {isa = PBXFileReference; explicitFileType = wrapper.application; includeInIndex = 0; path = asap.app; sourceTree = BUILT_PRODUCTS_DIR; };
		43F659541CD4A49A00618C0D /* AppDelegate.swift */ = {isa = PBXFileReference; lastKnownFileType = sourcecode.swift; path = AppDelegate.swift; sourceTree = "<group>"; };
		43F659561CD4A49A00618C0D /* ViewController.swift */ = {isa = PBXFileReference; lastKnownFileType = sourcecode.swift; path = ViewController.swift; sourceTree = "<group>"; };
		43F659591CD4A49A00618C0D /* Base */ = {isa = PBXFileReference; lastKnownFileType = file.storyboard; name = Base; path = Base.lproj/Main.storyboard; sourceTree = "<group>"; };
		43F6595B1CD4A49A00618C0D /* Assets.xcassets */ = {isa = PBXFileReference; lastKnownFileType = folder.assetcatalog; path = Assets.xcassets; sourceTree = "<group>"; };
		43F6595E1CD4A49A00618C0D /* Base */ = {isa = PBXFileReference; lastKnownFileType = file.storyboard; name = Base; path = Base.lproj/LaunchScreen.storyboard; sourceTree = "<group>"; };
		43F659601CD4A49A00618C0D /* Info.plist */ = {isa = PBXFileReference; lastKnownFileType = text.plist.xml; path = Info.plist; sourceTree = "<group>"; };
		43F659661CD4A5C600618C0D /* Register.storyboard */ = {isa = PBXFileReference; fileEncoding = 4; lastKnownFileType = file.storyboard; path = Register.storyboard; sourceTree = "<group>"; };
		43F659681CD4A5D600618C0D /* RegisterViewController.swift */ = {isa = PBXFileReference; fileEncoding = 4; lastKnownFileType = sourcecode.swift; path = RegisterViewController.swift; sourceTree = "<group>"; };
		473FC5ED9A1C22B1B0DC3567 /* Pods-asap.debug.xcconfig */ = {isa = PBXFileReference; includeInIndex = 1; lastKnownFileType = text.xcconfig; name = "Pods-asap.debug.xcconfig"; path = "Pods/Target Support Files/Pods-asap/Pods-asap.debug.xcconfig"; sourceTree = "<group>"; };
		AE2EE1D7662B43BAB2309382 /* Pods_asap.framework */ = {isa = PBXFileReference; explicitFileType = wrapper.framework; includeInIndex = 0; path = Pods_asap.framework; sourceTree = BUILT_PRODUCTS_DIR; };
/* End PBXFileReference section */

/* Begin PBXFrameworksBuildPhase section */
		43F6594E1CD4A49A00618C0D /* Frameworks */ = {
			isa = PBXFrameworksBuildPhase;
			buildActionMask = 2147483647;
			files = (
				1FFAA40D17D66C6C7A4C5882 /* Pods_asap.framework in Frameworks */,
			);
			runOnlyForDeploymentPostprocessing = 0;
		};
/* End PBXFrameworksBuildPhase section */

/* Begin PBXGroup section */
		220322CB42B629BF1851EBC2 /* Pods */ = {
			isa = PBXGroup;
			children = (
				473FC5ED9A1C22B1B0DC3567 /* Pods-asap.debug.xcconfig */,
				3F2C6058070E434467A5A8D9 /* Pods-asap.release.xcconfig */,
			);
			name = Pods;
			sourceTree = "<group>";
		};
		430CD6901CD4B7A60038136D /* Register */ = {
			isa = PBXGroup;
			children = (
				43F659661CD4A5C600618C0D /* Register.storyboard */,
				43F659681CD4A5D600618C0D /* RegisterViewController.swift */,
			);
			name = Register;
			sourceTree = "<group>";
		};
		431C3F221CD58F7800C95831 /* Checkout */ = {
			isa = PBXGroup;
			children = (
				431C3F231CD58F8A00C95831 /* Checkout.storyboard */,
				431C3F251CD58FA700C95831 /* CheckoutViewController.swift */,
			);
			name = Checkout;
			sourceTree = "<group>";
		};
		4335FE7E1CD4B7E00077E5D8 /* Ecommerce */ = {
			isa = PBXGroup;
			children = (
				4335FE811CD4B80C0077E5D8 /* Ecommerce.storyboard */,
				4335FE7F1CD4B7FF0077E5D8 /* EcommerceViewController.swift */,
				4335FE831CD4F6060077E5D8 /* ProductCollectionViewCell.swift */,
				4335FE851CD4F8A40077E5D8 /* TwoColumnFlowLayout.swift */,
			);
			name = Ecommerce;
			sourceTree = "<group>";
		};
		4335FE871CD514600077E5D8 /* Store */ = {
			isa = PBXGroup;
			children = (
				430CD68E1CD4B6420038136D /* UserStore.swift */,
				4335FE881CD514770077E5D8 /* Product.swift */,
				431C3F141CD5862100C95831 /* ProductGateway.swift */,
				431C3F161CD5863A00C95831 /* ProductStore.swift */,
				431C3F181CD587BA00C95831 /* LocalProductGateway.swift */,
				431C3F1A1CD5888100C95831 /* products.json */,
				431C3F1C1CD58B7D00C95831 /* CartGateway.swift */,
				431C3F1E1CD58BA300C95831 /* LocalCartGateway.swift */,
				431C3F201CD58BD500C95831 /* CartStore.swift */,
			);
			name = Store;
			sourceTree = "<group>";
		};
		43F659481CD4A49A00618C0D = {
			isa = PBXGroup;
			children = (
				43F659531CD4A49A00618C0D /* asap */,
				43F659521CD4A49A00618C0D /* Products */,
				220322CB42B629BF1851EBC2 /* Pods */,
				9284C82442B8C4BC97147D8E /* Frameworks */,
			);
			sourceTree = "<group>";
		};
		43F659521CD4A49A00618C0D /* Products */ = {
			isa = PBXGroup;
			children = (
				43F659511CD4A49A00618C0D /* asap.app */,
			);
			name = Products;
			sourceTree = "<group>";
		};
		43F659531CD4A49A00618C0D /* asap */ = {
			isa = PBXGroup;
			children = (
				431C3F221CD58F7800C95831 /* Checkout */,
				4335FE7E1CD4B7E00077E5D8 /* Ecommerce */,
				430CD6901CD4B7A60038136D /* Register */,
				4335FE871CD514600077E5D8 /* Store */,
				43F6595B1CD4A49A00618C0D /* Assets.xcassets */,
				43F659541CD4A49A00618C0D /* AppDelegate.swift */,
				43F659561CD4A49A00618C0D /* ViewController.swift */,
				43F659581CD4A49A00618C0D /* Main.storyboard */,
				43F6595D1CD4A49A00618C0D /* LaunchScreen.storyboard */,
				43F659601CD4A49A00618C0D /* Info.plist */,
			);
			path = asap;
			sourceTree = "<group>";
		};
		9284C82442B8C4BC97147D8E /* Frameworks */ = {
			isa = PBXGroup;
			children = (
				AE2EE1D7662B43BAB2309382 /* Pods_asap.framework */,
			);
			name = Frameworks;
			sourceTree = "<group>";
		};
/* End PBXGroup section */

/* Begin PBXNativeTarget section */
		43F659501CD4A49A00618C0D /* asap */ = {
			isa = PBXNativeTarget;
			buildConfigurationList = 43F659631CD4A49A00618C0D /* Build configuration list for PBXNativeTarget "asap" */;
			buildPhases = (
				EB60E36FEA432A34BADD0989 /* Check Pods Manifest.lock */,
				43F6594D1CD4A49A00618C0D /* Sources */,
				43F6594E1CD4A49A00618C0D /* Frameworks */,
				43F6594F1CD4A49A00618C0D /* Resources */,
				C33E282D9DC22BACB7D0FD1E /* Embed Pods Frameworks */,
				35240742109AF09F8F5999DE /* Copy Pods Resources */,
			);
			buildRules = (
			);
			dependencies = (
			);
			name = asap;
			productName = asap;
			productReference = 43F659511CD4A49A00618C0D /* asap.app */;
			productType = "com.apple.product-type.application";
		};
/* End PBXNativeTarget section */

/* Begin PBXProject section */
		43F659491CD4A49A00618C0D /* Project object */ = {
			isa = PBXProject;
			attributes = {
				LastSwiftUpdateCheck = 0730;
				LastUpgradeCheck = 0730;
				ORGANIZATIONNAME = liusy182;
				TargetAttributes = {
					43F659501CD4A49A00618C0D = {
						CreatedOnToolsVersion = 7.3;
						DevelopmentTeam = QWD2QB5Q9R;
					};
				};
			};
			buildConfigurationList = 43F6594C1CD4A49A00618C0D /* Build configuration list for PBXProject "asap" */;
			compatibilityVersion = "Xcode 3.2";
			developmentRegion = English;
			hasScannedForEncodings = 0;
			knownRegions = (
				en,
				Base,
			);
			mainGroup = 43F659481CD4A49A00618C0D;
			productRefGroup = 43F659521CD4A49A00618C0D /* Products */;
			projectDirPath = "";
			projectRoot = "";
			targets = (
				43F659501CD4A49A00618C0D /* asap */,
			);
		};
/* End PBXProject section */

/* Begin PBXResourcesBuildPhase section */
		43F6594F1CD4A49A00618C0D /* Resources */ = {
			isa = PBXResourcesBuildPhase;
			buildActionMask = 2147483647;
			files = (
				43F6595F1CD4A49A00618C0D /* LaunchScreen.storyboard in Resources */,
				43F6595C1CD4A49A00618C0D /* Assets.xcassets in Resources */,
				43F6595A1CD4A49A00618C0D /* Main.storyboard in Resources */,
				431C3F241CD58F8A00C95831 /* Checkout.storyboard in Resources */,
				431C3F1B1CD5888100C95831 /* products.json in Resources */,
				4335FE821CD4B80C0077E5D8 /* Ecommerce.storyboard in Resources */,
				43F659671CD4A5C600618C0D /* Register.storyboard in Resources */,
			);
			runOnlyForDeploymentPostprocessing = 0;
		};
/* End PBXResourcesBuildPhase section */

/* Begin PBXShellScriptBuildPhase section */
		35240742109AF09F8F5999DE /* Copy Pods Resources */ = {
			isa = PBXShellScriptBuildPhase;
			buildActionMask = 2147483647;
			files = (
			);
			inputPaths = (
			);
			name = "Copy Pods Resources";
			outputPaths = (
			);
			runOnlyForDeploymentPostprocessing = 0;
			shellPath = /bin/sh;
			shellScript = "\"${SRCROOT}/Pods/Target Support Files/Pods-asap/Pods-asap-resources.sh\"\n";
			showEnvVarsInLog = 0;
		};
		C33E282D9DC22BACB7D0FD1E /* Embed Pods Frameworks */ = {
			isa = PBXShellScriptBuildPhase;
			buildActionMask = 2147483647;
			files = (
			);
			inputPaths = (
			);
			name = "Embed Pods Frameworks";
			outputPaths = (
			);
			runOnlyForDeploymentPostprocessing = 0;
			shellPath = /bin/sh;
			shellScript = "\"${SRCROOT}/Pods/Target Support Files/Pods-asap/Pods-asap-frameworks.sh\"\n";
			showEnvVarsInLog = 0;
		};
		EB60E36FEA432A34BADD0989 /* Check Pods Manifest.lock */ = {
			isa = PBXShellScriptBuildPhase;
			buildActionMask = 2147483647;
			files = (
			);
			inputPaths = (
			);
			name = "Check Pods Manifest.lock";
			outputPaths = (
			);
			runOnlyForDeploymentPostprocessing = 0;
			shellPath = /bin/sh;
			shellScript = "diff \"${PODS_ROOT}/../Podfile.lock\" \"${PODS_ROOT}/Manifest.lock\" > /dev/null\nif [[ $? != 0 ]] ; then\n    cat << EOM\nerror: The sandbox is not in sync with the Podfile.lock. Run 'pod install' or update your CocoaPods installation.\nEOM\n    exit 1\nfi\n";
			showEnvVarsInLog = 0;
		};
/* End PBXShellScriptBuildPhase section */

/* Begin PBXSourcesBuildPhase section */
		43F6594D1CD4A49A00618C0D /* Sources */ = {
			isa = PBXSourcesBuildPhase;
			buildActionMask = 2147483647;
			files = (
				431C3F1D1CD58B7D00C95831 /* CartGateway.swift in Sources */,
				4335FE801CD4B7FF0077E5D8 /* EcommerceViewController.swift in Sources */,
				4335FE891CD514770077E5D8 /* Product.swift in Sources */,
				43F659691CD4A5D600618C0D /* RegisterViewController.swift in Sources */,
				4335FE861CD4F8A40077E5D8 /* TwoColumnFlowLayout.swift in Sources */,
				431C3F191CD587BA00C95831 /* LocalProductGateway.swift in Sources */,
				43F659571CD4A49A00618C0D /* ViewController.swift in Sources */,
				431C3F171CD5863A00C95831 /* ProductStore.swift in Sources */,
				430CD68F1CD4B6420038136D /* UserStore.swift in Sources */,
				431C3F151CD5862100C95831 /* ProductGateway.swift in Sources */,
				4335FE841CD4F6060077E5D8 /* ProductCollectionViewCell.swift in Sources */,
				431C3F1F1CD58BA300C95831 /* LocalCartGateway.swift in Sources */,
				43F659551CD4A49A00618C0D /* AppDelegate.swift in Sources */,
				431C3F261CD58FA700C95831 /* CheckoutViewController.swift in Sources */,
				431C3F211CD58BD500C95831 /* CartStore.swift in Sources */,
			);
			runOnlyForDeploymentPostprocessing = 0;
		};
/* End PBXSourcesBuildPhase section */

/* Begin PBXVariantGroup section */
		43F659581CD4A49A00618C0D /* Main.storyboard */ = {
			isa = PBXVariantGroup;
			children = (
				43F659591CD4A49A00618C0D /* Base */,
			);
			name = Main.storyboard;
			sourceTree = "<group>";
		};
		43F6595D1CD4A49A00618C0D /* LaunchScreen.storyboard */ = {
			isa = PBXVariantGroup;
			children = (
				43F6595E1CD4A49A00618C0D /* Base */,
			);
			name = LaunchScreen.storyboard;
			sourceTree = "<group>";
		};
/* End PBXVariantGroup section */

/* Begin XCBuildConfiguration section */
		43F659611CD4A49A00618C0D /* Debug */ = {
			isa = XCBuildConfiguration;
			buildSettings = {
				ALWAYS_SEARCH_USER_PATHS = NO;
				CLANG_ANALYZER_NONNULL = YES;
				CLANG_CXX_LANGUAGE_STANDARD = "gnu++0x";
				CLANG_CXX_LIBRARY = "libc++";
				CLANG_ENABLE_MODULES = YES;
				CLANG_ENABLE_OBJC_ARC = YES;
				CLANG_WARN_BOOL_CONVERSION = YES;
				CLANG_WARN_CONSTANT_CONVERSION = YES;
				CLANG_WARN_DIRECT_OBJC_ISA_USAGE = YES_ERROR;
				CLANG_WARN_EMPTY_BODY = YES;
				CLANG_WARN_ENUM_CONVERSION = YES;
				CLANG_WARN_INT_CONVERSION = YES;
				CLANG_WARN_OBJC_ROOT_CLASS = YES_ERROR;
				CLANG_WARN_UNREACHABLE_CODE = YES;
				CLANG_WARN__DUPLICATE_METHOD_MATCH = YES;
				"CODE_SIGN_IDENTITY[sdk=iphoneos*]" = "iPhone Developer";
				COPY_PHASE_STRIP = NO;
				DEBUG_INFORMATION_FORMAT = dwarf;
				ENABLE_STRICT_OBJC_MSGSEND = YES;
				ENABLE_TESTABILITY = YES;
				GCC_C_LANGUAGE_STANDARD = gnu99;
				GCC_DYNAMIC_NO_PIC = NO;
				GCC_NO_COMMON_BLOCKS = YES;
				GCC_OPTIMIZATION_LEVEL = 0;
				GCC_PREPROCESSOR_DEFINITIONS = (
					"DEBUG=1",
					"$(inherited)",
				);
				GCC_WARN_64_TO_32_BIT_CONVERSION = YES;
				GCC_WARN_ABOUT_RETURN_TYPE = YES_ERROR;
				GCC_WARN_UNDECLARED_SELECTOR = YES;
				GCC_WARN_UNINITIALIZED_AUTOS = YES_AGGRESSIVE;
				GCC_WARN_UNUSED_FUNCTION = YES;
				GCC_WARN_UNUSED_VARIABLE = YES;
				IPHONEOS_DEPLOYMENT_TARGET = 9.3;
				MTL_ENABLE_DEBUG_INFO = YES;
				ONLY_ACTIVE_ARCH = YES;
				SDKROOT = iphoneos;
				SWIFT_OPTIMIZATION_LEVEL = "-Onone";
			};
			name = Debug;
		};
		43F659621CD4A49A00618C0D /* Release */ = {
			isa = XCBuildConfiguration;
			buildSettings = {
				ALWAYS_SEARCH_USER_PATHS = NO;
				CLANG_ANALYZER_NONNULL = YES;
				CLANG_CXX_LANGUAGE_STANDARD = "gnu++0x";
				CLANG_CXX_LIBRARY = "libc++";
				CLANG_ENABLE_MODULES = YES;
				CLANG_ENABLE_OBJC_ARC = YES;
				CLANG_WARN_BOOL_CONVERSION = YES;
				CLANG_WARN_CONSTANT_CONVERSION = YES;
				CLANG_WARN_DIRECT_OBJC_ISA_USAGE = YES_ERROR;
				CLANG_WARN_EMPTY_BODY = YES;
				CLANG_WARN_ENUM_CONVERSION = YES;
				CLANG_WARN_INT_CONVERSION = YES;
				CLANG_WARN_OBJC_ROOT_CLASS = YES_ERROR;
				CLANG_WARN_UNREACHABLE_CODE = YES;
				CLANG_WARN__DUPLICATE_METHOD_MATCH = YES;
				"CODE_SIGN_IDENTITY[sdk=iphoneos*]" = "iPhone Developer";
				COPY_PHASE_STRIP = NO;
				DEBUG_INFORMATION_FORMAT = "dwarf-with-dsym";
				ENABLE_NS_ASSERTIONS = NO;
				ENABLE_STRICT_OBJC_MSGSEND = YES;
				GCC_C_LANGUAGE_STANDARD = gnu99;
				GCC_NO_COMMON_BLOCKS = YES;
				GCC_WARN_64_TO_32_BIT_CONVERSION = YES;
				GCC_WARN_ABOUT_RETURN_TYPE = YES_ERROR;
				GCC_WARN_UNDECLARED_SELECTOR = YES;
				GCC_WARN_UNINITIALIZED_AUTOS = YES_AGGRESSIVE;
				GCC_WARN_UNUSED_FUNCTION = YES;
				GCC_WARN_UNUSED_VARIABLE = YES;
				IPHONEOS_DEPLOYMENT_TARGET = 9.3;
				MTL_ENABLE_DEBUG_INFO = NO;
				SDKROOT = iphoneos;
				VALIDATE_PRODUCT = YES;
			};
			name = Release;
		};
		43F659641CD4A49A00618C0D /* Debug */ = {
			isa = XCBuildConfiguration;
			baseConfigurationReference = 473FC5ED9A1C22B1B0DC3567 /* Pods-asap.debug.xcconfig */;
			buildSettings = {
				ASSETCATALOG_COMPILER_APPICON_NAME = AppIcon;
				INFOPLIST_FILE = asap/Info.plist;
				LD_RUNPATH_SEARCH_PATHS = "$(inherited) @executable_path/Frameworks";
				PRODUCT_BUNDLE_IDENTIFIER = liusy182.asap;
				PRODUCT_NAME = "$(TARGET_NAME)";
			};
			name = Debug;
		};
		43F659651CD4A49A00618C0D /* Release */ = {
			isa = XCBuildConfiguration;
			baseConfigurationReference = 3F2C6058070E434467A5A8D9 /* Pods-asap.release.xcconfig */;
			buildSettings = {
				ASSETCATALOG_COMPILER_APPICON_NAME = AppIcon;
				INFOPLIST_FILE = asap/Info.plist;
				LD_RUNPATH_SEARCH_PATHS = "$(inherited) @executable_path/Frameworks";
				PRODUCT_BUNDLE_IDENTIFIER = liusy182.asap;
				PRODUCT_NAME = "$(TARGET_NAME)";
			};
			name = Release;
		};
/* End XCBuildConfiguration section */

/* Begin XCConfigurationList section */
		43F6594C1CD4A49A00618C0D /* Build configuration list for PBXProject "asap" */ = {
			isa = XCConfigurationList;
			buildConfigurations = (
				43F659611CD4A49A00618C0D /* Debug */,
				43F659621CD4A49A00618C0D /* Release */,
			);
			defaultConfigurationIsVisible = 0;
			defaultConfigurationName = Release;
		};
		43F659631CD4A49A00618C0D /* Build configuration list for PBXNativeTarget "asap" */ = {
			isa = XCConfigurationList;
			buildConfigurations = (
				43F659641CD4A49A00618C0D /* Debug */,
				43F659651CD4A49A00618C0D /* Release */,
			);
			defaultConfigurationIsVisible = 0;
			defaultConfigurationName = Release;
		};
/* End XCConfigurationList section */
	};
	rootObject = 43F659491CD4A49A00618C0D /* Project object */;
}
