// !$*UTF8*$!
{
	archiveVersion = 1;
	classes = {
	};
	objectVersion = 46;
	objects = {

/* Begin PBXBuildFile section */
		43F659551CD4A49A00618C0D /* AppDelegate.swift in Sources */ = {isa = PBXBuildFile; fileRef = 43F659541CD4A49A00618C0D /* AppDelegate.swift */; };
		43F659571CD4A49A00618C0D /* ViewController.swift in Sources */ = {isa = PBXBuildFile; fileRef = 43F659561CD4A49A00618C0D /* ViewController.swift */; };
		43F6595A1CD4A49A00618C0D /* Main.storyboard in Resources */ = {isa = PBXBuildFile; fileRef = 43F659581CD4A49A00618C0D /* Main.storyboard */; };
		43F6595C1CD4A49A00618C0D /* Assets.xcassets in Resources */ = {isa = PBXBuildFile; fileRef = 43F6595B1CD4A49A00618C0D /* Assets.xcassets */; };
		43F6595F1CD4A49A00618C0D /* LaunchScreen.storyboard in Resources */ = {isa = PBXBuildFile; fileRef = 43F6595D1CD4A49A00618C0D /* LaunchScreen.storyboard */; };
/* End PBXBuildFile section */

/* Begin PBXFileReference section */
		43F659511CD4A49A00618C0D /* asap.app */ = {isa = PBXFileReference; explicitFileType = wrapper.application; includeInIndex = 0; path = asap.app; sourceTree = BUILT_PRODUCTS_DIR; };
		43F659541CD4A49A00618C0D /* AppDelegate.swift */ = {isa = PBXFileReference; lastKnownFileType = sourcecode.swift; path = AppDelegate.swift; sourceTree = "<group>"; };
		43F659561CD4A49A00618C0D /* ViewController.swift */ = {isa = PBXFileReference; lastKnownFileType = sourcecode.swift; path = ViewController.swift; sourceTree = "<group>"; };
		43F659591CD4A49A00618C0D /* Base */ = {isa = PBXFileReference; lastKnownFileType = file.storyboard; name = Base; path = Base.lproj/Main.storyboard; sourceTree = "<group>"; };
		43F6595B1CD4A49A00618C0D /* Assets.xcassets */ = {isa = PBXFileReference; lastKnownFileType = folder.assetcatalog; path = Assets.xcassets; sourceTree = "<group>"; };
		43F6595E1CD4A49A00618C0D /* Base */ = {isa = PBXFileReference; lastKnownFileType = file.storyboard; name = Base; path = Base.lproj/LaunchScreen.storyboard; sourceTree = "<group>"; };
		43F659601CD4A49A00618C0D /* Info.plist */ = {isa = PBXFileReference; lastKnownFileType = text.plist.xml; path = Info.plist; sourceTree = "<group>"; };
/* End PBXFileReference section */

/* Begin PBXFrameworksBuildPhase section */
		43F6594E1CD4A49A00618C0D /* Frameworks */ = {
			isa = PBXFrameworksBuildPhase;
			buildActionMask = 2147483647;
			files = (
			);
			runOnlyForDeploymentPostprocessing = 0;
		};
/* End PBXFrameworksBuildPhase section */

/* Begin PBXGroup section */
		43F659481CD4A49A00618C0D = {
			isa = PBXGroup;
			children = (
				43F659531CD4A49A00618C0D /* asap */,
				43F659521CD4A49A00618C0D /* Products */,
			);
			sourceTree = "<group>";
		};
		43F659521CD4A49A00618C0D /* Products */ = {
			isa = PBXGroup;
			children = (
				43F659511CD4A49A00618C0D /* asap.app */,
			);
			name = Products;
			sourceTree = "<group>";
		};
		43F659531CD4A49A00618C0D /* asap */ = {
			isa = PBXGroup;
			children = (
				43F659541CD4A49A00618C0D /* AppDelegate.swift */,
				43F659561CD4A49A00618C0D /* ViewController.swift */,
				43F659581CD4A49A00618C0D /* Main.storyboard */,
				43F6595B1CD4A49A00618C0D /* Assets.xcassets */,
				43F6595D1CD4A49A00618C0D /* LaunchScreen.storyboard */,
				43F659601CD4A49A00618C0D /* Info.plist */,
			);
			path = asap;
			sourceTree = "<group>";
		};
/* End PBXGroup section */

/* Begin PBXNativeTarget section */
		43F659501CD4A49A00618C0D /* asap */ = {
			isa = PBXNativeTarget;
			buildConfigurationList = 43F659631CD4A49A00618C0D /* Build configuration list for PBXNativeTarget "asap" */;
			buildPhases = (
				43F6594D1CD4A49A00618C0D /* Sources */,
				43F6594E1CD4A49A00618C0D /* Frameworks */,
				43F6594F1CD4A49A00618C0D /* Resources */,
			);
			buildRules = (
			);
			dependencies = (
			);
			name = asap;
			productName = asap;
			productReference = 43F659511CD4A49A00618C0D /* asap.app */;
			productType = "com.apple.product-type.application";
		};
/* End PBXNativeTarget section */

/* Begin PBXProject section */
		43F659491CD4A49A00618C0D /* Project object */ = {
			isa = PBXProject;
			attributes = {
				LastSwiftUpdateCheck = 0730;
				LastUpgradeCheck = 0730;
				ORGANIZATIONNAME = liusy182;
				TargetAttributes = {
					43F659501CD4A49A00618C0D = {
						CreatedOnToolsVersion = 7.3;
						DevelopmentTeam = QWD2QB5Q9R;
					};
				};
			};
			buildConfigurationList = 43F6594C1CD4A49A00618C0D /* Build configuration list for PBXProject "asap" */;
			compatibilityVersion = "Xcode 3.2";
			developmentRegion = English;
			hasScannedForEncodings = 0;
			knownRegions = (
				en,
				Base,
			);
			mainGroup = 43F659481CD4A49A00618C0D;
			productRefGroup = 43F659521CD4A49A00618C0D /* Products */;
			projectDirPath = "";
			projectRoot = "";
			targets = (
				43F659501CD4A49A00618C0D /* asap */,
			);
		};
/* End PBXProject section */

/* Begin PBXResourcesBuildPhase section */
		43F6594F1CD4A49A00618C0D /* Resources */ = {
			isa = PBXResourcesBuildPhase;
			buildActionMask = 2147483647;
			files = (
				43F6595F1CD4A49A00618C0D /* LaunchScreen.storyboard in Resources */,
				43F6595C1CD4A49A00618C0D /* Assets.xcassets in Resources */,
				43F6595A1CD4A49A00618C0D /* Main.storyboard in Resources */,
			);
			runOnlyForDeploymentPostprocessing = 0;
		};
/* End PBXResourcesBuildPhase section */

/* Begin PBXSourcesBuildPhase section */
		43F6594D1CD4A49A00618C0D /* Sources */ = {
			isa = PBXSourcesBuildPhase;
			buildActionMask = 2147483647;
			files = (
				43F659571CD4A49A00618C0D /* ViewController.swift in Sources */,
				43F659551CD4A49A00618C0D /* AppDelegate.swift in Sources */,
			);
			runOnlyForDeploymentPostprocessing = 0;
		};
/* End PBXSourcesBuildPhase section */

/* Begin PBXVariantGroup section */
		43F659581CD4A49A00618C0D /* Main.storyboard */ = {
			isa = PBXVariantGroup;
			children = (
				43F659591CD4A49A00618C0D /* Base */,
			);
			name = Main.storyboard;
			sourceTree = "<group>";
		};
		43F6595D1CD4A49A00618C0D /* LaunchScreen.storyboard */ = {
			isa = PBXVariantGroup;
			children = (
				43F6595E1CD4A49A00618C0D /* Base */,
			);
			name = LaunchScreen.storyboard;
			sourceTree = "<group>";
		};
/* End PBXVariantGroup section */

/* Begin XCBuildConfiguration section */
		43F659611CD4A49A00618C0D /* Debug */ = {
			isa = XCBuildConfiguration;
			buildSettings = {
				ALWAYS_SEARCH_USER_PATHS = NO;
				CLANG_ANALYZER_NONNULL = YES;
				CLANG_CXX_LANGUAGE_STANDARD = "gnu++0x";
				CLANG_CXX_LIBRARY = "libc++";
				CLANG_ENABLE_MODULES = YES;
				CLANG_ENABLE_OBJC_ARC = YES;
				CLANG_WARN_BOOL_CONVERSION = YES;
				CLANG_WARN_CONSTANT_CONVERSION = YES;
				CLANG_WARN_DIRECT_OBJC_ISA_USAGE = YES_ERROR;
				CLANG_WARN_EMPTY_BODY = YES;
				CLANG_WARN_ENUM_CONVERSION = YES;
				CLANG_WARN_INT_CONVERSION = YES;
				CLANG_WARN_OBJC_ROOT_CLASS = YES_ERROR;
				CLANG_WARN_UNREACHABLE_CODE = YES;
				CLANG_WARN__DUPLICATE_METHOD_MATCH = YES;
				"CODE_SIGN_IDENTITY[sdk=iphoneos*]" = "iPhone Developer";
				COPY_PHASE_STRIP = NO;
				DEBUG_INFORMATION_FORMAT = dwarf;
				ENABLE_STRICT_OBJC_MSGSEND = YES;
				ENABLE_TESTABILITY = YES;
				GCC_C_LANGUAGE_STANDARD = gnu99;
				GCC_DYNAMIC_NO_PIC = NO;
				GCC_NO_COMMON_BLOCKS = YES;
				GCC_OPTIMIZATION_LEVEL = 0;
				GCC_PREPROCESSOR_DEFINITIONS = (
					"DEBUG=1",
					"$(inherited)",
				);
				GCC_WARN_64_TO_32_BIT_CONVERSION = YES;
				GCC_WARN_ABOUT_RETURN_TYPE = YES_ERROR;
				GCC_WARN_UNDECLARED_SELECTOR = YES;
				GCC_WARN_UNINITIALIZED_AUTOS = YES_AGGRESSIVE;
				GCC_WARN_UNUSED_FUNCTION = YES;
				GCC_WARN_UNUSED_VARIABLE = YES;
				IPHONEOS_DEPLOYMENT_TARGET = 9.3;
				MTL_ENABLE_DEBUG_INFO = YES;
				ONLY_ACTIVE_ARCH = YES;
				SDKROOT = iphoneos;
				SWIFT_OPTIMIZATION_LEVEL = "-Onone";
			};
			name = Debug;
		};
		43F659621CD4A49A00618C0D /* Release */ = {
			isa = XCBuildConfiguration;
			buildSettings = {
				ALWAYS_SEARCH_USER_PATHS = NO;
				CLANG_ANALYZER_NONNULL = YES;
				CLANG_CXX_LANGUAGE_STANDARD = "gnu++0x";
				CLANG_CXX_LIBRARY = "libc++";
				CLANG_ENABLE_MODULES = YES;
				CLANG_ENABLE_OBJC_ARC = YES;
				CLANG_WARN_BOOL_CONVERSION = YES;
				CLANG_WARN_CONSTANT_CONVERSION = YES;
				CLANG_WARN_DIRECT_OBJC_ISA_USAGE = YES_ERROR;
				CLANG_WARN_EMPTY_BODY = YES;
				CLANG_WARN_ENUM_CONVERSION = YES;
				CLANG_WARN_INT_CONVERSION = YES;
				CLANG_WARN_OBJC_ROOT_CLASS = YES_ERROR;
				CLANG_WARN_UNREACHABLE_CODE = YES;
				CLANG_WARN__DUPLICATE_METHOD_MATCH = YES;
				"CODE_SIGN_IDENTITY[sdk=iphoneos*]" = "iPhone Developer";
				COPY_PHASE_STRIP = NO;
				DEBUG_INFORMATION_FORMAT = "dwarf-with-dsym";
				ENABLE_NS_ASSERTIONS = NO;
				ENABLE_STRICT_OBJC_MSGSEND = YES;
				GCC_C_LANGUAGE_STANDARD = gnu99;
				GCC_NO_COMMON_BLOCKS = YES;
				GCC_WARN_64_TO_32_BIT_CONVERSION = YES;
				GCC_WARN_ABOUT_RETURN_TYPE = YES_ERROR;
				GCC_WARN_UNDECLARED_SELECTOR = YES;
				GCC_WARN_UNINITIALIZED_AUTOS = YES_AGGRESSIVE;
				GCC_WARN_UNUSED_FUNCTION = YES;
				GCC_WARN_UNUSED_VARIABLE = YES;
				IPHONEOS_DEPLOYMENT_TARGET = 9.3;
				MTL_ENABLE_DEBUG_INFO = NO;
				SDKROOT = iphoneos;
				VALIDATE_PRODUCT = YES;
			};
			name = Release;
		};
		43F659641CD4A49A00618C0D /* Debug */ = {
			isa = XCBuildConfiguration;
			buildSettings = {
				ASSETCATALOG_COMPILER_APPICON_NAME = AppIcon;
				INFOPLIST_FILE = asap/Info.plist;
				LD_RUNPATH_SEARCH_PATHS = "$(inherited) @executable_path/Frameworks";
				PRODUCT_BUNDLE_IDENTIFIER = liusy182.asap;
				PRODUCT_NAME = "$(TARGET_NAME)";
			};
			name = Debug;
		};
		43F659651CD4A49A00618C0D /* Release */ = {
			isa = XCBuildConfiguration;
			buildSettings = {
				ASSETCATALOG_COMPILER_APPICON_NAME = AppIcon;
				INFOPLIST_FILE = asap/Info.plist;
				LD_RUNPATH_SEARCH_PATHS = "$(inherited) @executable_path/Frameworks";
				PRODUCT_BUNDLE_IDENTIFIER = liusy182.asap;
				PRODUCT_NAME = "$(TARGET_NAME)";
			};
			name = Release;
		};
/* End XCBuildConfiguration section */

/* Begin XCConfigurationList section */
		43F6594C1CD4A49A00618C0D /* Build configuration list for PBXProject "asap" */ = {
			isa = XCConfigurationList;
			buildConfigurations = (
				43F659611CD4A49A00618C0D /* Debug */,
				43F659621CD4A49A00618C0D /* Release */,
			);
			defaultConfigurationIsVisible = 0;
			defaultConfigurationName = Release;
		};
		43F659631CD4A49A00618C0D /* Build configuration list for PBXNativeTarget "asap" */ = {
			isa = XCConfigurationList;
			buildConfigurations = (
				43F659641CD4A49A00618C0D /* Debug */,
				43F659651CD4A49A00618C0D /* Release */,
			);
			defaultConfigurationIsVisible = 0;
		};
/* End XCConfigurationList section */
	};
	rootObject = 43F659491CD4A49A00618C0D /* Project object */;
}
